// !$*UTF8*$!
{
	archiveVersion = 1;
	classes = {
	};
	objectVersion = 51;
	objects = {

/* Begin PBXBuildFile section */
		6964ABAB263982E2005BCDB2 /* SignUpViewController.swift in Sources */ = {isa = PBXBuildFile; fileRef = 6964ABAA263982E2005BCDB2 /* SignUpViewController.swift */; };
		6964ABAF2639CF00005BCDB2 /* SessionManager.swift in Sources */ = {isa = PBXBuildFile; fileRef = 6964ABAE2639CF00005BCDB2 /* SessionManager.swift */; };
		699283BA263A810500C1ED32 /* FoodViewController.swift in Sources */ = {isa = PBXBuildFile; fileRef = 699283B9263A810500C1ED32 /* FoodViewController.swift */; };
		699283BF263A876B00C1ED32 /* FoodItemTableViewCell.swift in Sources */ = {isa = PBXBuildFile; fileRef = 699283BD263A876B00C1ED32 /* FoodItemTableViewCell.swift */; };
		699283C0263A876B00C1ED32 /* FoodItemTableViewCell.xib in Resources */ = {isa = PBXBuildFile; fileRef = 699283BE263A876B00C1ED32 /* FoodItemTableViewCell.xib */; };
		699283EF263B60F500C1ED32 /* InputValidator.swift in Sources */ = {isa = PBXBuildFile; fileRef = 699283EE263B60F500C1ED32 /* InputValidator.swift */; };
		69A51A1D263C195A003E4972 /* AccountViewController.swift in Sources */ = {isa = PBXBuildFile; fileRef = 69A51A1C263C195A003E4972 /* AccountViewController.swift */; };
		69A51A20263C1F5D003E4972 /* LaunchViewController.swift in Sources */ = {isa = PBXBuildFile; fileRef = 69A51A1F263C1F5D003E4972 /* LaunchViewController.swift */; };
		69A51A23263C31FD003E4972 /* FoodItemViewController.swift in Sources */ = {isa = PBXBuildFile; fileRef = 69A51A22263C31FD003E4972 /* FoodItemViewController.swift */; };
		69A51A26263C3D64003E4972 /* CartHandler.swift in Sources */ = {isa = PBXBuildFile; fileRef = 69A51A25263C3D64003E4972 /* CartHandler.swift */; };
		69A51A29263C4375003E4972 /* CartViewController.swift in Sources */ = {isa = PBXBuildFile; fileRef = 69A51A28263C4375003E4972 /* CartViewController.swift */; };
		69A51A2C263C58BA003E4972 /* OrderViewController.swift in Sources */ = {isa = PBXBuildFile; fileRef = 69A51A2B263C58BA003E4972 /* OrderViewController.swift */; };
		69A51A30263C59AB003E4972 /* OrderTableViewCell.swift in Sources */ = {isa = PBXBuildFile; fileRef = 69A51A2E263C59AB003E4972 /* OrderTableViewCell.swift */; };
		69A51A31263C59AB003E4972 /* OrderTableViewCell.xib in Resources */ = {isa = PBXBuildFile; fileRef = 69A51A2F263C59AB003E4972 /* OrderTableViewCell.xib */; };
		69D835A82637DDD1007AA62C /* AppDelegate.swift in Sources */ = {isa = PBXBuildFile; fileRef = 69D835A72637DDD1007AA62C /* AppDelegate.swift */; };
		69D835AA2637DDD1007AA62C /* SceneDelegate.swift in Sources */ = {isa = PBXBuildFile; fileRef = 69D835A92637DDD1007AA62C /* SceneDelegate.swift */; };
		69D835AF2637DDD1007AA62C /* Main.storyboard in Resources */ = {isa = PBXBuildFile; fileRef = 69D835AD2637DDD1007AA62C /* Main.storyboard */; };
		69D835B12637DDD5007AA62C /* Assets.xcassets in Resources */ = {isa = PBXBuildFile; fileRef = 69D835B02637DDD5007AA62C /* Assets.xcassets */; };
		69D835B42637DDD5007AA62C /* LaunchScreen.storyboard in Resources */ = {isa = PBXBuildFile; fileRef = 69D835B22637DDD5007AA62C /* LaunchScreen.storyboard */; };
		69D835FF26383ACD007AA62C /* GoogleService-Info.plist in Resources */ = {isa = PBXBuildFile; fileRef = 69D835FE26383ACD007AA62C /* GoogleService-Info.plist */; };
		69D8360626384064007AA62C /* SignInViewController.swift in Sources */ = {isa = PBXBuildFile; fileRef = 69D8360526384064007AA62C /* SignInViewController.swift */; };
		69D8360A263844CD007AA62C /* EntityModel.swift in Sources */ = {isa = PBXBuildFile; fileRef = 69D83609263844CD007AA62C /* EntityModel.swift */; };
		85078D86A85DF83AA108037C /* Pods_Cafe_NIBM.framework in Frameworks */ = {isa = PBXBuildFile; fileRef = 03B361695366B0F1F300F5C1 /* Pods_Cafe_NIBM.framework */; };
/* End PBXBuildFile section */

/* Begin PBXFileReference section */
		03B361695366B0F1F300F5C1 /* Pods_Cafe_NIBM.framework */ = {isa = PBXFileReference; explicitFileType = wrapper.framework; includeInIndex = 0; path = Pods_Cafe_NIBM.framework; sourceTree = BUILT_PRODUCTS_DIR; };
		4D02AC431D5F0550CEF088FA /* Pods-Cafe-NIBM.release.xcconfig */ = {isa = PBXFileReference; includeInIndex = 1; lastKnownFileType = text.xcconfig; name = "Pods-Cafe-NIBM.release.xcconfig"; path = "Target Support Files/Pods-Cafe-NIBM/Pods-Cafe-NIBM.release.xcconfig"; sourceTree = "<group>"; };
		6964ABAA263982E2005BCDB2 /* SignUpViewController.swift */ = {isa = PBXFileReference; lastKnownFileType = sourcecode.swift; path = SignUpViewController.swift; sourceTree = "<group>"; };
		6964ABAE2639CF00005BCDB2 /* SessionManager.swift */ = {isa = PBXFileReference; lastKnownFileType = sourcecode.swift; path = SessionManager.swift; sourceTree = "<group>"; };
		699283B9263A810500C1ED32 /* FoodViewController.swift */ = {isa = PBXFileReference; lastKnownFileType = sourcecode.swift; path = FoodViewController.swift; sourceTree = "<group>"; };
		699283BD263A876B00C1ED32 /* FoodItemTableViewCell.swift */ = {isa = PBXFileReference; lastKnownFileType = sourcecode.swift; path = FoodItemTableViewCell.swift; sourceTree = "<group>"; };
		699283BE263A876B00C1ED32 /* FoodItemTableViewCell.xib */ = {isa = PBXFileReference; lastKnownFileType = file.xib; path = FoodItemTableViewCell.xib; sourceTree = "<group>"; };
		699283EE263B60F500C1ED32 /* InputValidator.swift */ = {isa = PBXFileReference; lastKnownFileType = sourcecode.swift; path = InputValidator.swift; sourceTree = "<group>"; };
		69A51A1C263C195A003E4972 /* AccountViewController.swift */ = {isa = PBXFileReference; lastKnownFileType = sourcecode.swift; path = AccountViewController.swift; sourceTree = "<group>"; };
		69A51A1F263C1F5D003E4972 /* LaunchViewController.swift */ = {isa = PBXFileReference; lastKnownFileType = sourcecode.swift; path = LaunchViewController.swift; sourceTree = "<group>"; };
		69A51A22263C31FD003E4972 /* FoodItemViewController.swift */ = {isa = PBXFileReference; lastKnownFileType = sourcecode.swift; path = FoodItemViewController.swift; sourceTree = "<group>"; };
		69A51A25263C3D64003E4972 /* CartHandler.swift */ = {isa = PBXFileReference; lastKnownFileType = sourcecode.swift; path = CartHandler.swift; sourceTree = "<group>"; };
		69A51A28263C4375003E4972 /* CartViewController.swift */ = {isa = PBXFileReference; lastKnownFileType = sourcecode.swift; path = CartViewController.swift; sourceTree = "<group>"; };
		69A51A2B263C58BA003E4972 /* OrderViewController.swift */ = {isa = PBXFileReference; lastKnownFileType = sourcecode.swift; path = OrderViewController.swift; sourceTree = "<group>"; };
		69A51A2E263C59AB003E4972 /* OrderTableViewCell.swift */ = {isa = PBXFileReference; lastKnownFileType = sourcecode.swift; path = OrderTableViewCell.swift; sourceTree = "<group>"; };
		69A51A2F263C59AB003E4972 /* OrderTableViewCell.xib */ = {isa = PBXFileReference; lastKnownFileType = file.xib; path = OrderTableViewCell.xib; sourceTree = "<group>"; };
		69D835A42637DDD1007AA62C /* Cafe-NIBM.app */ = {isa = PBXFileReference; explicitFileType = wrapper.application; includeInIndex = 0; path = "Cafe-NIBM.app"; sourceTree = BUILT_PRODUCTS_DIR; };
		69D835A72637DDD1007AA62C /* AppDelegate.swift */ = {isa = PBXFileReference; lastKnownFileType = sourcecode.swift; path = AppDelegate.swift; sourceTree = "<group>"; };
		69D835A92637DDD1007AA62C /* SceneDelegate.swift */ = {isa = PBXFileReference; lastKnownFileType = sourcecode.swift; path = SceneDelegate.swift; sourceTree = "<group>"; };
		69D835AE2637DDD1007AA62C /* Base */ = {isa = PBXFileReference; lastKnownFileType = file.storyboard; name = Base; path = Base.lproj/Main.storyboard; sourceTree = "<group>"; };
		69D835B02637DDD5007AA62C /* Assets.xcassets */ = {isa = PBXFileReference; lastKnownFileType = folder.assetcatalog; path = Assets.xcassets; sourceTree = "<group>"; };
		69D835B32637DDD5007AA62C /* Base */ = {isa = PBXFileReference; lastKnownFileType = file.storyboard; name = Base; path = Base.lproj/LaunchScreen.storyboard; sourceTree = "<group>"; };
		69D835B52637DDD5007AA62C /* Info.plist */ = {isa = PBXFileReference; lastKnownFileType = text.plist.xml; path = Info.plist; sourceTree = "<group>"; };
		69D835FE26383ACD007AA62C /* GoogleService-Info.plist */ = {isa = PBXFileReference; fileEncoding = 4; lastKnownFileType = text.plist.xml; path = "GoogleService-Info.plist"; sourceTree = "<group>"; };
		69D8360526384064007AA62C /* SignInViewController.swift */ = {isa = PBXFileReference; lastKnownFileType = sourcecode.swift; path = SignInViewController.swift; sourceTree = "<group>"; };
		69D83609263844CD007AA62C /* EntityModel.swift */ = {isa = PBXFileReference; lastKnownFileType = sourcecode.swift; path = EntityModel.swift; sourceTree = "<group>"; };
		82AA1B27C07AA46A7470A74A /* Pods-Cafe-NIBM.debug.xcconfig */ = {isa = PBXFileReference; includeInIndex = 1; lastKnownFileType = text.xcconfig; name = "Pods-Cafe-NIBM.debug.xcconfig"; path = "Target Support Files/Pods-Cafe-NIBM/Pods-Cafe-NIBM.debug.xcconfig"; sourceTree = "<group>"; };
/* End PBXFileReference section */

/* Begin PBXFrameworksBuildPhase section */
		69D835A12637DDD1007AA62C /* Frameworks */ = {
			isa = PBXFrameworksBuildPhase;
			buildActionMask = 2147483647;
			files = (
				85078D86A85DF83AA108037C /* Pods_Cafe_NIBM.framework in Frameworks */,
			);
			runOnlyForDeploymentPostprocessing = 0;
		};
/* End PBXFrameworksBuildPhase section */

/* Begin PBXGroup section */
		6964ABAD2639CEB6005BCDB2 /* Utility */ = {
			isa = PBXGroup;
			children = (
				6964ABAE2639CF00005BCDB2 /* SessionManager.swift */,
				699283EE263B60F500C1ED32 /* InputValidator.swift */,
				69A51A25263C3D64003E4972 /* CartHandler.swift */,
			);
			path = Utility;
			sourceTree = "<group>";
		};
		699283BC263A86FE00C1ED32 /* TableViewCells */ = {
			isa = PBXGroup;
			children = (
				699283BD263A876B00C1ED32 /* FoodItemTableViewCell.swift */,
				699283BE263A876B00C1ED32 /* FoodItemTableViewCell.xib */,
				69A51A2E263C59AB003E4972 /* OrderTableViewCell.swift */,
				69A51A2F263C59AB003E4972 /* OrderTableViewCell.xib */,
			);
			path = TableViewCells;
			sourceTree = "<group>";
		};
		69D8359B2637DDD1007AA62C = {
			isa = PBXGroup;
			children = (
				69D835A62637DDD1007AA62C /* Cafe-NIBM */,
				69D835A52637DDD1007AA62C /* Products */,
				810ACC85FD4020722BDBD67D /* Pods */,
				C29512085185187A535EB303 /* Frameworks */,
			);
			sourceTree = "<group>";
		};
		69D835A52637DDD1007AA62C /* Products */ = {
			isa = PBXGroup;
			children = (
				69D835A42637DDD1007AA62C /* Cafe-NIBM.app */,
			);
			name = Products;
			sourceTree = "<group>";
		};
		69D835A62637DDD1007AA62C /* Cafe-NIBM */ = {
			isa = PBXGroup;
			children = (
				699283BC263A86FE00C1ED32 /* TableViewCells */,
				6964ABAD2639CEB6005BCDB2 /* Utility */,
				69D8360126383DEE007AA62C /* Models */,
				69D8360226383E25007AA62C /* Views */,
				69D8360326383E31007AA62C /* Controllers */,
				69D835A72637DDD1007AA62C /* AppDelegate.swift */,
				69D835A92637DDD1007AA62C /* SceneDelegate.swift */,
				69D835B02637DDD5007AA62C /* Assets.xcassets */,
				69D835B22637DDD5007AA62C /* LaunchScreen.storyboard */,
				69D835B52637DDD5007AA62C /* Info.plist */,
				69D835FE26383ACD007AA62C /* GoogleService-Info.plist */,
			);
			path = "Cafe-NIBM";
			sourceTree = "<group>";
		};
		69D8360126383DEE007AA62C /* Models */ = {
			isa = PBXGroup;
			children = (
				69D83609263844CD007AA62C /* EntityModel.swift */,
			);
			path = Models;
			sourceTree = "<group>";
		};
		69D8360226383E25007AA62C /* Views */ = {
			isa = PBXGroup;
			children = (
				69D835AD2637DDD1007AA62C /* Main.storyboard */,
			);
			path = Views;
			sourceTree = "<group>";
		};
		69D8360326383E31007AA62C /* Controllers */ = {
			isa = PBXGroup;
			children = (
				69D8360526384064007AA62C /* SignInViewController.swift */,
				6964ABAA263982E2005BCDB2 /* SignUpViewController.swift */,
				699283B9263A810500C1ED32 /* FoodViewController.swift */,
				69A51A1C263C195A003E4972 /* AccountViewController.swift */,
				69A51A1F263C1F5D003E4972 /* LaunchViewController.swift */,
				69A51A22263C31FD003E4972 /* FoodItemViewController.swift */,
				69A51A28263C4375003E4972 /* CartViewController.swift */,
				69A51A2B263C58BA003E4972 /* OrderViewController.swift */,
			);
			path = Controllers;
			sourceTree = "<group>";
		};
		810ACC85FD4020722BDBD67D /* Pods */ = {
			isa = PBXGroup;
			children = (
				82AA1B27C07AA46A7470A74A /* Pods-Cafe-NIBM.debug.xcconfig */,
				4D02AC431D5F0550CEF088FA /* Pods-Cafe-NIBM.release.xcconfig */,
			);
			path = Pods;
			sourceTree = "<group>";
		};
		C29512085185187A535EB303 /* Frameworks */ = {
			isa = PBXGroup;
			children = (
				03B361695366B0F1F300F5C1 /* Pods_Cafe_NIBM.framework */,
			);
			name = Frameworks;
			sourceTree = "<group>";
		};
/* End PBXGroup section */

/* Begin PBXNativeTarget section */
		69D835A32637DDD1007AA62C /* Cafe-NIBM */ = {
			isa = PBXNativeTarget;
			buildConfigurationList = 69D835B82637DDD5007AA62C /* Build configuration list for PBXNativeTarget "Cafe-NIBM" */;
			buildPhases = (
				191F5F29F7789D833F300D93 /* [CP] Check Pods Manifest.lock */,
				69D835A02637DDD1007AA62C /* Sources */,
				69D835A12637DDD1007AA62C /* Frameworks */,
				69D835A22637DDD1007AA62C /* Resources */,
				B988BCF7890AE31B711EB6F5 /* [CP] Embed Pods Frameworks */,
			);
			buildRules = (
			);
			dependencies = (
			);
			name = "Cafe-NIBM";
			productName = "Cafe-NIBM";
			productReference = 69D835A42637DDD1007AA62C /* Cafe-NIBM.app */;
			productType = "com.apple.product-type.application";
		};
/* End PBXNativeTarget section */

/* Begin PBXProject section */
		69D8359C2637DDD1007AA62C /* Project object */ = {
			isa = PBXProject;
			attributes = {
				LastSwiftUpdateCheck = 1240;
				LastUpgradeCheck = 1240;
				TargetAttributes = {
					69D835A32637DDD1007AA62C = {
						CreatedOnToolsVersion = 12.4;
					};
				};
			};
			buildConfigurationList = 69D8359F2637DDD1007AA62C /* Build configuration list for PBXProject "Cafe-NIBM" */;
			compatibilityVersion = "Xcode 9.3";
			developmentRegion = en;
			hasScannedForEncodings = 0;
			knownRegions = (
				en,
				Base,
			);
			mainGroup = 69D8359B2637DDD1007AA62C;
			productRefGroup = 69D835A52637DDD1007AA62C /* Products */;
			projectDirPath = "";
			projectRoot = "";
			targets = (
				69D835A32637DDD1007AA62C /* Cafe-NIBM */,
			);
		};
/* End PBXProject section */

/* Begin PBXResourcesBuildPhase section */
		69D835A22637DDD1007AA62C /* Resources */ = {
			isa = PBXResourcesBuildPhase;
			buildActionMask = 2147483647;
			files = (
				69A51A31263C59AB003E4972 /* OrderTableViewCell.xib in Resources */,
				69D835B42637DDD5007AA62C /* LaunchScreen.storyboard in Resources */,
				69D835FF26383ACD007AA62C /* GoogleService-Info.plist in Resources */,
				69D835B12637DDD5007AA62C /* Assets.xcassets in Resources */,
				69D835AF2637DDD1007AA62C /* Main.storyboard in Resources */,
				699283C0263A876B00C1ED32 /* FoodItemTableViewCell.xib in Resources */,
			);
			runOnlyForDeploymentPostprocessing = 0;
		};
/* End PBXResourcesBuildPhase section */

/* Begin PBXShellScriptBuildPhase section */
		191F5F29F7789D833F300D93 /* [CP] Check Pods Manifest.lock */ = {
			isa = PBXShellScriptBuildPhase;
			buildActionMask = 2147483647;
			files = (
			);
			inputFileListPaths = (
			);
			inputPaths = (
				"${PODS_PODFILE_DIR_PATH}/Podfile.lock",
				"${PODS_ROOT}/Manifest.lock",
			);
			name = "[CP] Check Pods Manifest.lock";
			outputFileListPaths = (
			);
			outputPaths = (
				"$(DERIVED_FILE_DIR)/Pods-Cafe-NIBM-checkManifestLockResult.txt",
			);
			runOnlyForDeploymentPostprocessing = 0;
			shellPath = /bin/sh;
			shellScript = "diff \"${PODS_PODFILE_DIR_PATH}/Podfile.lock\" \"${PODS_ROOT}/Manifest.lock\" > /dev/null\nif [ $? != 0 ] ; then\n    # print error to STDERR\n    echo \"error: The sandbox is not in sync with the Podfile.lock. Run 'pod install' or update your CocoaPods installation.\" >&2\n    exit 1\nfi\n# This output is used by Xcode 'outputs' to avoid re-running this script phase.\necho \"SUCCESS\" > \"${SCRIPT_OUTPUT_FILE_0}\"\n";
			showEnvVarsInLog = 0;
		};
		B988BCF7890AE31B711EB6F5 /* [CP] Embed Pods Frameworks */ = {
			isa = PBXShellScriptBuildPhase;
			buildActionMask = 2147483647;
			files = (
			);
			inputFileListPaths = (
				"${PODS_ROOT}/Target Support Files/Pods-Cafe-NIBM/Pods-Cafe-NIBM-frameworks-${CONFIGURATION}-input-files.xcfilelist",
			);
			name = "[CP] Embed Pods Frameworks";
			outputFileListPaths = (
				"${PODS_ROOT}/Target Support Files/Pods-Cafe-NIBM/Pods-Cafe-NIBM-frameworks-${CONFIGURATION}-output-files.xcfilelist",
			);
			runOnlyForDeploymentPostprocessing = 0;
			shellPath = /bin/sh;
			shellScript = "\"${PODS_ROOT}/Target Support Files/Pods-Cafe-NIBM/Pods-Cafe-NIBM-frameworks.sh\"\n";
			showEnvVarsInLog = 0;
		};
/* End PBXShellScriptBuildPhase section */

/* Begin PBXSourcesBuildPhase section */
		69D835A02637DDD1007AA62C /* Sources */ = {
			isa = PBXSourcesBuildPhase;
			buildActionMask = 2147483647;
			files = (
				699283BF263A876B00C1ED32 /* FoodItemTableViewCell.swift in Sources */,
				69D8360626384064007AA62C /* SignInViewController.swift in Sources */,
				69A51A30263C59AB003E4972 /* OrderTableViewCell.swift in Sources */,
				69A51A29263C4375003E4972 /* CartViewController.swift in Sources */,
				699283BA263A810500C1ED32 /* FoodViewController.swift in Sources */,
				69D835A82637DDD1007AA62C /* AppDelegate.swift in Sources */,
				69A51A26263C3D64003E4972 /* CartHandler.swift in Sources */,
				699283EF263B60F500C1ED32 /* InputValidator.swift in Sources */,
				6964ABAF2639CF00005BCDB2 /* SessionManager.swift in Sources */,
				69A51A1D263C195A003E4972 /* AccountViewController.swift in Sources */,
				69D8360A263844CD007AA62C /* EntityModel.swift in Sources */,
				69A51A20263C1F5D003E4972 /* LaunchViewController.swift in Sources */,
				69A51A2C263C58BA003E4972 /* OrderViewController.swift in Sources */,
				69A51A23263C31FD003E4972 /* FoodItemViewController.swift in Sources */,
				69D835AA2637DDD1007AA62C /* SceneDelegate.swift in Sources */,
				6964ABAB263982E2005BCDB2 /* SignUpViewController.swift in Sources */,
			);
			runOnlyForDeploymentPostprocessing = 0;
		};
/* End PBXSourcesBuildPhase section */

/* Begin PBXVariantGroup section */
		69D835AD2637DDD1007AA62C /* Main.storyboard */ = {
			isa = PBXVariantGroup;
			children = (
				69D835AE2637DDD1007AA62C /* Base */,
			);
			name = Main.storyboard;
			sourceTree = "<group>";
		};
		69D835B22637DDD5007AA62C /* LaunchScreen.storyboard */ = {
			isa = PBXVariantGroup;
			children = (
				69D835B32637DDD5007AA62C /* Base */,
			);
			name = LaunchScreen.storyboard;
			sourceTree = "<group>";
		};
/* End PBXVariantGroup section */

/* Begin XCBuildConfiguration section */
		69D835B62637DDD5007AA62C /* Debug */ = {
			isa = XCBuildConfiguration;
			buildSettings = {
				ALWAYS_SEARCH_USER_PATHS = NO;
				CLANG_ANALYZER_NONNULL = YES;
				CLANG_ANALYZER_NUMBER_OBJECT_CONVERSION = YES_AGGRESSIVE;
				CLANG_CXX_LANGUAGE_STANDARD = "gnu++14";
				CLANG_CXX_LIBRARY = "libc++";
				CLANG_ENABLE_MODULES = YES;
				CLANG_ENABLE_OBJC_ARC = YES;
				CLANG_ENABLE_OBJC_WEAK = YES;
				CLANG_WARN_BLOCK_CAPTURE_AUTORELEASING = YES;
				CLANG_WARN_BOOL_CONVERSION = YES;
				CLANG_WARN_COMMA = YES;
				CLANG_WARN_CONSTANT_CONVERSION = YES;
				CLANG_WARN_DEPRECATED_OBJC_IMPLEMENTATIONS = YES;
				CLANG_WARN_DIRECT_OBJC_ISA_USAGE = YES_ERROR;
				CLANG_WARN_DOCUMENTATION_COMMENTS = YES;
				CLANG_WARN_EMPTY_BODY = YES;
				CLANG_WARN_ENUM_CONVERSION = YES;
				CLANG_WARN_INFINITE_RECURSION = YES;
				CLANG_WARN_INT_CONVERSION = YES;
				CLANG_WARN_NON_LITERAL_NULL_CONVERSION = YES;
				CLANG_WARN_OBJC_IMPLICIT_RETAIN_SELF = YES;
				CLANG_WARN_OBJC_LITERAL_CONVERSION = YES;
				CLANG_WARN_OBJC_ROOT_CLASS = YES_ERROR;
				CLANG_WARN_QUOTED_INCLUDE_IN_FRAMEWORK_HEADER = YES;
				CLANG_WARN_RANGE_LOOP_ANALYSIS = YES;
				CLANG_WARN_STRICT_PROTOTYPES = YES;
				CLANG_WARN_SUSPICIOUS_MOVE = YES;
				CLANG_WARN_UNGUARDED_AVAILABILITY = YES_AGGRESSIVE;
				CLANG_WARN_UNREACHABLE_CODE = YES;
				CLANG_WARN__DUPLICATE_METHOD_MATCH = YES;
				COPY_PHASE_STRIP = NO;
				DEBUG_INFORMATION_FORMAT = dwarf;
				ENABLE_STRICT_OBJC_MSGSEND = YES;
				ENABLE_TESTABILITY = YES;
				GCC_C_LANGUAGE_STANDARD = gnu11;
				GCC_DYNAMIC_NO_PIC = NO;
				GCC_NO_COMMON_BLOCKS = YES;
				GCC_OPTIMIZATION_LEVEL = 0;
				GCC_PREPROCESSOR_DEFINITIONS = (
					"DEBUG=1",
					"$(inherited)",
				);
				GCC_WARN_64_TO_32_BIT_CONVERSION = YES;
				GCC_WARN_ABOUT_RETURN_TYPE = YES_ERROR;
				GCC_WARN_UNDECLARED_SELECTOR = YES;
				GCC_WARN_UNINITIALIZED_AUTOS = YES_AGGRESSIVE;
				GCC_WARN_UNUSED_FUNCTION = YES;
				GCC_WARN_UNUSED_VARIABLE = YES;
				IPHONEOS_DEPLOYMENT_TARGET = 14.4;
				MTL_ENABLE_DEBUG_INFO = INCLUDE_SOURCE;
				MTL_FAST_MATH = YES;
				ONLY_ACTIVE_ARCH = YES;
				SDKROOT = iphoneos;
				SWIFT_ACTIVE_COMPILATION_CONDITIONS = DEBUG;
				SWIFT_OPTIMIZATION_LEVEL = "-Onone";
			};
			name = Debug;
		};
		69D835B72637DDD5007AA62C /* Release */ = {
			isa = XCBuildConfiguration;
			buildSettings = {
				ALWAYS_SEARCH_USER_PATHS = NO;
				CLANG_ANALYZER_NONNULL = YES;
				CLANG_ANALYZER_NUMBER_OBJECT_CONVERSION = YES_AGGRESSIVE;
				CLANG_CXX_LANGUAGE_STANDARD = "gnu++14";
				CLANG_CXX_LIBRARY = "libc++";
				CLANG_ENABLE_MODULES = YES;
				CLANG_ENABLE_OBJC_ARC = YES;
				CLANG_ENABLE_OBJC_WEAK = YES;
				CLANG_WARN_BLOCK_CAPTURE_AUTORELEASING = YES;
				CLANG_WARN_BOOL_CONVERSION = YES;
				CLANG_WARN_COMMA = YES;
				CLANG_WARN_CONSTANT_CONVERSION = YES;
				CLANG_WARN_DEPRECATED_OBJC_IMPLEMENTATIONS = YES;
				CLANG_WARN_DIRECT_OBJC_ISA_USAGE = YES_ERROR;
				CLANG_WARN_DOCUMENTATION_COMMENTS = YES;
				CLANG_WARN_EMPTY_BODY = YES;
				CLANG_WARN_ENUM_CONVERSION = YES;
				CLANG_WARN_INFINITE_RECURSION = YES;
				CLANG_WARN_INT_CONVERSION = YES;
				CLANG_WARN_NON_LITERAL_NULL_CONVERSION = YES;
				CLANG_WARN_OBJC_IMPLICIT_RETAIN_SELF = YES;
				CLANG_WARN_OBJC_LITERAL_CONVERSION = YES;
				CLANG_WARN_OBJC_ROOT_CLASS = YES_ERROR;
				CLANG_WARN_QUOTED_INCLUDE_IN_FRAMEWORK_HEADER = YES;
				CLANG_WARN_RANGE_LOOP_ANALYSIS = YES;
				CLANG_WARN_STRICT_PROTOTYPES = YES;
				CLANG_WARN_SUSPICIOUS_MOVE = YES;
				CLANG_WARN_UNGUARDED_AVAILABILITY = YES_AGGRESSIVE;
				CLANG_WARN_UNREACHABLE_CODE = YES;
				CLANG_WARN__DUPLICATE_METHOD_MATCH = YES;
				COPY_PHASE_STRIP = NO;
				DEBUG_INFORMATION_FORMAT = "dwarf-with-dsym";
				ENABLE_NS_ASSERTIONS = NO;
				ENABLE_STRICT_OBJC_MSGSEND = YES;
				GCC_C_LANGUAGE_STANDARD = gnu11;
				GCC_NO_COMMON_BLOCKS = YES;
				GCC_WARN_64_TO_32_BIT_CONVERSION = YES;
				GCC_WARN_ABOUT_RETURN_TYPE = YES_ERROR;
				GCC_WARN_UNDECLARED_SELECTOR = YES;
				GCC_WARN_UNINITIALIZED_AUTOS = YES_AGGRESSIVE;
				GCC_WARN_UNUSED_FUNCTION = YES;
				GCC_WARN_UNUSED_VARIABLE = YES;
				IPHONEOS_DEPLOYMENT_TARGET = 14.4;
				MTL_ENABLE_DEBUG_INFO = NO;
				MTL_FAST_MATH = YES;
				SDKROOT = iphoneos;
				SWIFT_COMPILATION_MODE = wholemodule;
				SWIFT_OPTIMIZATION_LEVEL = "-O";
				VALIDATE_PRODUCT = YES;
			};
			name = Release;
		};
		69D835B92637DDD5007AA62C /* Debug */ = {
			isa = XCBuildConfiguration;
			baseConfigurationReference = 82AA1B27C07AA46A7470A74A /* Pods-Cafe-NIBM.debug.xcconfig */;
			buildSettings = {
				ASSETCATALOG_COMPILER_APPICON_NAME = AppIcon;
				ASSETCATALOG_COMPILER_GLOBAL_ACCENT_COLOR_NAME = AccentColor;
				CODE_SIGN_STYLE = Automatic;
				INFOPLIST_FILE = "Cafe-NIBM/Info.plist";
				LD_RUNPATH_SEARCH_PATHS = (
					"$(inherited)",
					"@executable_path/Frameworks",
				);
				PRODUCT_BUNDLE_IDENTIFIER = "com.DilanJay.Cafe-NIBM";
				PRODUCT_NAME = "$(TARGET_NAME)";
				SWIFT_VERSION = 5.0;
				TARGETED_DEVICE_FAMILY = "1,2";
			};
			name = Debug;
		};
		69D835BA2637DDD5007AA62C /* Release */ = {
			isa = XCBuildConfiguration;
			baseConfigurationReference = 4D02AC431D5F0550CEF088FA /* Pods-Cafe-NIBM.release.xcconfig */;
			buildSettings = {
				ASSETCATALOG_COMPILER_APPICON_NAME = AppIcon;
				ASSETCATALOG_COMPILER_GLOBAL_ACCENT_COLOR_NAME = AccentColor;
				CODE_SIGN_STYLE = Automatic;
				INFOPLIST_FILE = "Cafe-NIBM/Info.plist";
				LD_RUNPATH_SEARCH_PATHS = (
					"$(inherited)",
					"@executable_path/Frameworks",
				);
				PRODUCT_BUNDLE_IDENTIFIER = "com.DilanJay.Cafe-NIBM";
				PRODUCT_NAME = "$(TARGET_NAME)";
				SWIFT_VERSION = 5.0;
				TARGETED_DEVICE_FAMILY = "1,2";
			};
			name = Release;
		};
/* End XCBuildConfiguration section */

/* Begin XCConfigurationList section */
		69D8359F2637DDD1007AA62C /* Build configuration list for PBXProject "Cafe-NIBM" */ = {
			isa = XCConfigurationList;
			buildConfigurations = (
				69D835B62637DDD5007AA62C /* Debug */,
				69D835B72637DDD5007AA62C /* Release */,
			);
			defaultConfigurationIsVisible = 0;
			defaultConfigurationName = Release;
		};
		69D835B82637DDD5007AA62C /* Build configuration list for PBXNativeTarget "Cafe-NIBM" */ = {
			isa = XCConfigurationList;
			buildConfigurations = (
				69D835B92637DDD5007AA62C /* Debug */,
				69D835BA2637DDD5007AA62C /* Release */,
			);
			defaultConfigurationIsVisible = 0;
			defaultConfigurationName = Release;
		};
/* End XCConfigurationList section */
	};
	rootObject = 69D8359C2637DDD1007AA62C /* Project object */;
}
